
Microsoft Visual Studio Solution File, Format Version 12.00
# Visual Studio 15
VisualStudioVersion = 15.0.28307.106
MinimumVisualStudioVersion = 10.0.40219.1
Project("{8BC9CEB8-8B4A-11D0-8D11-00A0C91BC942}") = "bed_level", "bed_level\bed_level.vcxproj", "{C5F80730-F44F-4478-BDAE-6634EFC2CA88}"
EndProject
Project("{8BC9CEB8-8B4A-11D0-8D11-00A0C91BC942}") = "bed_level_apMode", "bed_level_apMode\bed_level_apMode.vcxproj", "{03935754-EDF1-4EFA-8090-322AAC7EB06A}"
EndProject
Project("{8BC9CEB8-8B4A-11D0-8D11-00A0C91BC942}") = "bed_level_wifi", "bed_level_wifi\bed_level_wifi.vcxproj", "{6C5A3C5C-2CF6-4FE7-A393-684709AA1EA9}"
EndProject
Project("{8BC9CEB8-8B4A-11D0-8D11-00A0C91BC942}") = "bed_level_ble", "bed_level_ble\bed_level_ble.vcxproj", "{A8688238-ADC9-493A-9025-0C25EF483F17}"
EndProject
Project("{8BC9CEB8-8B4A-11D0-8D11-00A0C91BC942}") = "bed_level_alexa", "bed_level_alexa\bed_level_alexa.vcxproj", "{23655F4D-D040-466C-BB08-E86571ACEDB0}"
EndProject
Project("{8BC9CEB8-8B4A-11D0-8D11-00A0C91BC942}") = "bed_level_async_server", "bed_level_async_server\bed_level_async_server.vcxproj", "{A9E04EFF-4433-48CF-8318-4044A38C9836}"
EndProject
Project("{8BC9CEB8-8B4A-11D0-8D11-00A0C91BC942}") = "wifi_manager", "wifi_manager\wifi_manager.vcxproj", "{6BFDFAF6-09F5-490D-A2B1-6CE1ABD89D03}"
EndProject
Project("{8BC9CEB8-8B4A-11D0-8D11-00A0C91BC942}") = "bed_level_2", "bed_level_2\bed_level_2.vcxproj", "{C271B929-A803-47E7-BCE7-D136169510C3}"
EndProject
Global
	GlobalSection(SolutionConfigurationPlatforms) = preSolution
		Debug|x86 = Debug|x86
		Release|x86 = Release|x86
	EndGlobalSection
	GlobalSection(ProjectConfigurationPlatforms) = postSolution
		{C5F80730-F44F-4478-BDAE-6634EFC2CA88}.Debug|x86.ActiveCfg = Debug|Win32
		{C5F80730-F44F-4478-BDAE-6634EFC2CA88}.Debug|x86.Build.0 = Debug|Win32
		{C5F80730-F44F-4478-BDAE-6634EFC2CA88}.Release|x86.ActiveCfg = Release|Win32
		{C5F80730-F44F-4478-BDAE-6634EFC2CA88}.Release|x86.Build.0 = Release|Win32
		{03935754-EDF1-4EFA-8090-322AAC7EB06A}.Debug|x86.ActiveCfg = Debug|Win32
		{03935754-EDF1-4EFA-8090-322AAC7EB06A}.Debug|x86.Build.0 = Debug|Win32
		{03935754-EDF1-4EFA-8090-322AAC7EB06A}.Release|x86.ActiveCfg = Release|Win32
		{03935754-EDF1-4EFA-8090-322AAC7EB06A}.Release|x86.Build.0 = Release|Win32
		{6C5A3C5C-2CF6-4FE7-A393-684709AA1EA9}.Debug|x86.ActiveCfg = Debug|Win32
		{6C5A3C5C-2CF6-4FE7-A393-684709AA1EA9}.Debug|x86.Build.0 = Debug|Win32
		{6C5A3C5C-2CF6-4FE7-A393-684709AA1EA9}.Release|x86.ActiveCfg = Release|Win32
		{6C5A3C5C-2CF6-4FE7-A393-684709AA1EA9}.Release|x86.Build.0 = Release|Win32
		{A8688238-ADC9-493A-9025-0C25EF483F17}.Debug|x86.ActiveCfg = Debug|Win32
		{A8688238-ADC9-493A-9025-0C25EF483F17}.Debug|x86.Build.0 = Debug|Win32
		{A8688238-ADC9-493A-9025-0C25EF483F17}.Release|x86.ActiveCfg = Release|Win32
		{A8688238-ADC9-493A-9025-0C25EF483F17}.Release|x86.Build.0 = Release|Win32
		{23655F4D-D040-466C-BB08-E86571ACEDB0}.Debug|x86.ActiveCfg = Debug|Win32
		{23655F4D-D040-466C-BB08-E86571ACEDB0}.Debug|x86.Build.0 = Debug|Win32
		{23655F4D-D040-466C-BB08-E86571ACEDB0}.Release|x86.ActiveCfg = Release|Win32
		{23655F4D-D040-466C-BB08-E86571ACEDB0}.Release|x86.Build.0 = Release|Win32
		{A9E04EFF-4433-48CF-8318-4044A38C9836}.Debug|x86.ActiveCfg = Debug|Win32
		{A9E04EFF-4433-48CF-8318-4044A38C9836}.Debug|x86.Build.0 = Debug|Win32
		{A9E04EFF-4433-48CF-8318-4044A38C9836}.Release|x86.ActiveCfg = Release|Win32
		{A9E04EFF-4433-48CF-8318-4044A38C9836}.Release|x86.Build.0 = Release|Win32
		{6BFDFAF6-09F5-490D-A2B1-6CE1ABD89D03}.Debug|x86.ActiveCfg = Debug|Win32
		{6BFDFAF6-09F5-490D-A2B1-6CE1ABD89D03}.Debug|x86.Build.0 = Debug|Win32
		{6BFDFAF6-09F5-490D-A2B1-6CE1ABD89D03}.Release|x86.ActiveCfg = Release|Win32
		{6BFDFAF6-09F5-490D-A2B1-6CE1ABD89D03}.Release|x86.Build.0 = Release|Win32
		{C271B929-A803-47E7-BCE7-D136169510C3}.Debug|x86.ActiveCfg = Debug|Win32
		{C271B929-A803-47E7-BCE7-D136169510C3}.Debug|x86.Build.0 = Debug|Win32
		{C271B929-A803-47E7-BCE7-D136169510C3}.Release|x86.ActiveCfg = Release|Win32
		{C271B929-A803-47E7-BCE7-D136169510C3}.Release|x86.Build.0 = Release|Win32
	EndGlobalSection
	GlobalSection(SolutionProperties) = preSolution
		HideSolutionNode = FALSE
	EndGlobalSection
	GlobalSection(ExtensibilityGlobals) = postSolution
		SolutionGuid = {C80F2F76-6608-4A1D-AFE0-0130AAA3001C}
	EndGlobalSection
EndGlobal
